<?xml version="1.0" encoding="utf-8"?>
<Project ToolsVersion="4.0" xmlns="http://schemas.microsoft.com/developer/msbuild/2003">
  <ItemGroup>
    <Filter Include="Исходные файлы">
      <UniqueIdentifier>{4FC737F1-C7A5-4376-A066-2A32D752A2FF}</UniqueIdentifier>
      <Extensions>cpp;c;cc;cxx;def;odl;idl;hpj;bat;asm;asmx</Extensions>
    </Filter>
    <Filter Include="Файлы заголовков">
      <UniqueIdentifier>{93995380-89BD-4b04-88EB-625FBE52EBFB}</UniqueIdentifier>
      <Extensions>h;hh;hpp;hxx;hm;inl;inc;xsd</Extensions>
    </Filter>
    <Filter Include="Файлы ресурсов">
      <UniqueIdentifier>{67DA6AB6-F800-4c08-8B7A-83BB121AAD01}</UniqueIdentifier>
      <Extensions>rc;ico;cur;bmp;dlg;rc2;rct;bin;rgs;gif;jpg;jpeg;jpe;resx;tiff;tif;png;wav;mfcribbon-ms</Extensions>
    </Filter>
    <Filter Include="Исходные файлы\Lab1">
      <UniqueIdentifier>{aec1ec8c-b507-49db-963c-d8180c9e8888}</UniqueIdentifier>
    </Filter>
    <Filter Include="Файлы заголовков\Lab1">
      <UniqueIdentifier>{5ec14b84-240c-4d10-a093-61009bba86a6}</UniqueIdentifier>
    </Filter>
    <Filter Include="Исходные файлы\Lab2">
      <UniqueIdentifier>{76a52e54-d1eb-423d-8874-f638162cea52}</UniqueIdentifier>
    </Filter>
    <Filter Include="Файлы заголовков\Lab2">
      <UniqueIdentifier>{b42915a6-25d4-4ac4-8760-fcf2933db217}</UniqueIdentifier>
    </Filter>
    <Filter Include="Файлы заголовков\Lab3">
      <UniqueIdentifier>{f4a1fbef-0750-45c7-a6f3-41c56bd95035}</UniqueIdentifier>
    </Filter>
    <Filter Include="Исходные файлы\Lab3">
      <UniqueIdentifier>{cb94a58d-6e68-4256-be6d-0847ec2590af}</UniqueIdentifier>
    </Filter>
    <Filter Include="Файлы заголовков\Lab4">
      <UniqueIdentifier>{2223ccf7-4b2e-4025-8d4c-265dff02e9d5}</UniqueIdentifier>
    </Filter>
    <Filter Include="Исходные файлы\Lab4">
      <UniqueIdentifier>{1072a6bc-a34a-46be-920a-a4553fa63667}</UniqueIdentifier>
    </Filter>
    <Filter Include="Файлы заголовков\Lab5">
      <UniqueIdentifier>{4e928c72-ba14-4df4-b86e-4e76641cf5d2}</UniqueIdentifier>
    </Filter>
    <Filter Include="Исходные файлы\Lab5">
      <UniqueIdentifier>{b24439a7-1526-45e0-8d70-4d23534714a2}</UniqueIdentifier>
    </Filter>
    <Filter Include="Файлы заголовков\Lab6">
      <UniqueIdentifier>{ed19652a-b37c-4242-9b6d-527e149fe7d2}</UniqueIdentifier>
    </Filter>
    <Filter Include="Исходные файлы\Lab6">
      <UniqueIdentifier>{2b4e97e4-8daf-4e64-920d-8201986cf574}</UniqueIdentifier>
    </Filter>
    <Filter Include="Файлы заголовков\Lab7">
      <UniqueIdentifier>{f93c02fc-7d58-49f8-96b6-a76095955730}</UniqueIdentifier>
    </Filter>
    <Filter Include="Исходные файлы\Lab7">
      <UniqueIdentifier>{2760c2e1-43be-4565-8c11-f8b83afcf4f0}</UniqueIdentifier>
    </Filter>
  </ItemGroup>
  <ItemGroup>
    <ClCompile Include="Source.cpp">
      <Filter>Исходные файлы</Filter>
    </ClCompile>
    <ClCompile Include="Lab1\Tasks.cpp">
      <Filter>Исходные файлы\Lab1</Filter>
    </ClCompile>
    <ClCompile Include="Lab2\Tasks2.cpp">
      <Filter>Исходные файлы\Lab2</Filter>
    </ClCompile>
    <ClCompile Include="Lab3\Tasks3.cpp">
      <Filter>Исходные файлы\Lab3</Filter>
    </ClCompile>
    <ClCompile Include="Lab4\Stack.cpp">
      <Filter>Исходные файлы\Lab4</Filter>
    </ClCompile>
    <ClCompile Include="Lab4\UILab4.cpp">
      <Filter>Исходные файлы\Lab4</Filter>
    </ClCompile>
    <ClCompile Include="Lab5\PersonList.cpp">
      <Filter>Исходные файлы\Lab5</Filter>
    </ClCompile>
    <ClCompile Include="Lab5\UILab5.cpp">
      <Filter>Исходные файлы\Lab5</Filter>
    </ClCompile>
    <ClCompile Include="Lab6\UILab6.cpp">
      <Filter>Исходные файлы\Lab6</Filter>
    </ClCompile>
    <ClCompile Include="Lab6\Person6.cpp">
      <Filter>Исходные файлы\Lab6</Filter>
    </ClCompile>
    <ClCompile Include="Lab6\Child6.cpp">
      <Filter>Исходные файлы\Lab6</Filter>
    </ClCompile>
    <ClCompile Include="Lab6\Adult6.cpp">
      <Filter>Исходные файлы\Lab6</Filter>
    </ClCompile>
    <ClCompile Include="Lab6\PersonList6.cpp">
      <Filter>Исходные файлы\Lab6</Filter>
    </ClCompile>
    <ClCompile Include="Lab7\UILab7.cpp">
      <Filter>Исходные файлы\Lab7</Filter>
    </ClCompile>
    <ClCompile Include="Lab4\FunctionsDoublyLinkedList.cpp">
      <Filter>Исходные файлы\Lab4</Filter>
    </ClCompile>
    <ClCompile Include="Lab5\Person5.cpp">
      <Filter>Исходные файлы\Lab5</Filter>
    </ClCompile>
    <ClCompile Include="Lab5\PersonTools.cpp">
      <Filter>Исходные файлы\Lab5</Filter>
    </ClCompile>
    <ClCompile Include="Lab5\PersonListItem5.cpp">
      <Filter>Исходные файлы\Lab5</Filter>
    </ClCompile>
    <ClCompile Include="Lab6\PersonListItem6.cpp">
      <Filter>Исходные файлы\Lab6</Filter>
    </ClCompile>
    <ClCompile Include="Lab6\PersonTools6.cpp">
      <Filter>Исходные файлы\Lab6</Filter>
    </ClCompile>
    <ClCompile Include="Lab7\UIList.cpp">
      <Filter>Исходные файлы\Lab7</Filter>
    </ClCompile>
    <ClCompile Include="Lab7\UIPerson.cpp">
      <Filter>Исходные файлы\Lab7</Filter>
    </ClCompile>
    <ClCompile Include="Lab7\UIDouble.cpp">
      <Filter>Исходные файлы\Lab7</Filter>
    </ClCompile>
  </ItemGroup>
  <ItemGroup>
    <ClInclude Include="Lab1\Tasks.h">
      <Filter>Файлы заголовков\Lab1</Filter>
    </ClInclude>
    <ClInclude Include="Lab2\Tasks2.h">
      <Filter>Файлы заголовков\Lab2</Filter>
    </ClInclude>
    <ClInclude Include="Lab3\Tasks3.h">
      <Filter>Файлы заголовков\Lab3</Filter>
    </ClInclude>
    <ClInclude Include="Lab4\Stack.h">
      <Filter>Файлы заголовков\Lab4</Filter>
    </ClInclude>
    <ClInclude Include="Lab4\UILab4.h">
      <Filter>Файлы заголовков\Lab4</Filter>
    </ClInclude>
    <ClInclude Include="Lab5\PersonList.h">
      <Filter>Файлы заголовков\Lab5</Filter>
    </ClInclude>
    <ClInclude Include="Lab5\UILab5.h">
      <Filter>Файлы заголовков\Lab5</Filter>
    </ClInclude>
    <ClInclude Include="Lab6\UILab6.h">
      <Filter>Файлы заголовков\Lab6</Filter>
    </ClInclude>
    <ClInclude Include="Lab6\Person6.h">
      <Filter>Файлы заголовков\Lab6</Filter>
    </ClInclude>
    <ClInclude Include="Lab6\Child6.h">
      <Filter>Файлы заголовков\Lab6</Filter>
    </ClInclude>
    <ClInclude Include="Lab6\Adult6.h">
      <Filter>Файлы заголовков\Lab6</Filter>
    </ClInclude>
    <ClInclude Include="Lab6\PersonList6.h">
      <Filter>Файлы заголовков\Lab6</Filter>
    </ClInclude>
    <ClInclude Include="Lab7\TemplateList.h">
      <Filter>Файлы заголовков\Lab7</Filter>
    </ClInclude>
    <ClInclude Include="Lab7\UILab7.h">
      <Filter>Файлы заголовков\Lab7</Filter>
    </ClInclude>
    <ClInclude Include="Lab3\MenuEnum.h">
      <Filter>Файлы заголовков\Lab3</Filter>
    </ClInclude>
    <ClInclude Include="Lab3\Person3.h">
      <Filter>Файлы заголовков\Lab3</Filter>
    </ClInclude>
    <ClInclude Include="Lab4\Person4.h">
      <Filter>Файлы заголовков\Lab4</Filter>
    </ClInclude>
    <ClInclude Include="Lab4\Node4.h">
      <Filter>Файлы заголовков\Lab4</Filter>
    </ClInclude>
    <ClInclude Include="Lab4\FunctionsDoublyLinkedList.h">
      <Filter>Файлы заголовков\Lab4</Filter>
    </ClInclude>
    <ClInclude Include="Lab4\DoublyLinkedList.h">
      <Filter>Файлы заголовков\Lab4</Filter>
    </ClInclude>
    <ClInclude Include="Lab4\StackItem.h">
      <Filter>Файлы заголовков\Lab4</Filter>
    </ClInclude>
    <ClInclude Include="Sex.h">
      <Filter>Файлы заголовков</Filter>
    </ClInclude>
    <ClInclude Include="CheckSymbol.h">
      <Filter>Файлы заголовков</Filter>
    </ClInclude>
    <ClInclude Include="Lab5\Person5.h">
      <Filter>Файлы заголовков\Lab5</Filter>
    </ClInclude>
    <ClInclude Include="Lab5\PersonListItem5.h">
      <Filter>Файлы заголовков\Lab5</Filter>
    </ClInclude>
    <ClInclude Include="Lab6\PersonListItem6.h">
      <Filter>Файлы заголовков\Lab6</Filter>
    </ClInclude>
    <ClInclude Include="Lab5\PersonTools.h">
      <Filter>Файлы заголовков\Lab5</Filter>
    </ClInclude>
    <ClInclude Include="Lab6\PersonTools6.h">
      <Filter>Файлы заголовков\Lab6</Filter>
    </ClInclude>
    <ClInclude Include="Lab7\TemplateListItem.h">
      <Filter>Файлы заголовков\Lab7</Filter>
    </ClInclude>
    <ClInclude Include="Lab7\UIDouble.h">
      <Filter>Файлы заголовков\Lab7</Filter>
    </ClInclude>
    <ClInclude Include="Lab7\UIPerson.h">
      <Filter>Файлы заголовков\Lab7</Filter>
    </ClInclude>
    <ClInclude Include="Lab7\UIList.h">
      <Filter>Файлы заголовков\Lab7</Filter>
    </ClInclude>
  </ItemGroup>
</Project>